# THIS IS AN AUTOGENERATED FILE. DO NOT EDIT THIS FILE DIRECTLY.
# yarn lockfile v1


"@types/bindings@^1.3.0":
  "integrity" "sha512-mTWOE6wC64MoEpv33otJNpQob81l5Pi+NsUkdiiP8EkESraQM94zuus/2s/Vz2Idy1qQkctNINYDZ61nfG1ngQ=="
  "resolved" "https://registry.npmjs.org/@types/bindings/-/bindings-1.3.0.tgz"
  "version" "1.3.0"

"@types/node@*":
  "integrity" "sha512-9kROxduaN98QghwwHmxXO2Xz3MaWf+I1sLVAA6KJDF5xix+IyXVhds0MAfdNwtcpSrzhaTsNB0/jnL86fgUhqA=="
  "resolved" "https://registry.npmjs.org/@types/node/-/node-10.12.15.tgz"
  "version" "10.12.15"

"@types/node@^10.9.4":
  "integrity" "sha512-R4Dvw6KjSYn/SpvjRchBOwXr14vVVcFXCtnM3f0aLvlJS8a599rrcEoihcP2/+Z/f75E5GNPd4aWM7j1yei9og=="
  "resolved" "https://registry.npmjs.org/@types/node/-/node-10.11.0.tgz"
  "version" "10.11.0"

"@types/progress@^2.0.3":
  "integrity" "sha512-bPOsfCZ4tsTlKiBjBhKnM8jpY5nmIll166IPD58D92hR7G7kZDfx5iB9wGF4NfZrdKolebjeAr3GouYkSGoJ/A=="
  "resolved" "https://registry.npmjs.org/@types/progress/-/progress-2.0.3.tgz"
  "version" "2.0.3"
  dependencies:
    "@types/node" "*"

"@types/webgl2@^0.0.4":
  "integrity" "sha512-PACt1xdErJbMUOUweSrbVM7gSIYm1vTncW2hF6Os/EeWi6TXYAYMPp+8v6rzHmypE5gHrxaxZNXgMkJVIdZpHw=="
  "resolved" "https://registry.npmjs.org/@types/webgl2/-/webgl2-0.0.4.tgz"
  "version" "0.0.4"

"adm-zip@^0.4.13":
  "integrity" "sha512-fERNJX8sOXfel6qCBCMPvZLzENBEhZTzKqg6vrOW5pvoEaQuJhRU4ndTAh6lHOxn1I6jnz2NHra56ZODM751uw=="
  "resolved" "https://registry.npmjs.org/adm-zip/-/adm-zip-0.4.13.tgz"
  "version" "0.4.13"

"agent-base@^4.3.0":
  "integrity" "sha512-salcGninV0nPrwpGNn4VTXBb1SOuXQBiqbrNXoeizJsHrsL6ERFM2Ne3JUSBWRE6aeNJI2ROP/WEEIDUiDe3cg=="
  "resolved" "https://registry.npmjs.org/agent-base/-/agent-base-4.3.0.tgz"
  "version" "4.3.0"
  dependencies:
    "es6-promisify" "^5.0.0"

"ansi-regex@^2.0.0":
  "integrity" "sha1-w7M6te42DYbg5ijwRorn7yfWVN8="
  "resolved" "https://registry.npmjs.org/ansi-regex/-/ansi-regex-2.1.1.tgz"
  "version" "2.1.1"

"array-union@^1.0.1":
  "integrity" "sha1-mjRBDk9OPaI96jdb5b5w8kd47Dk="
  "resolved" "https://registry.npmjs.org/array-union/-/array-union-1.0.2.tgz"
  "version" "1.0.2"
  dependencies:
    "array-uniq" "^1.0.1"

"array-uniq@^1.0.1":
  "integrity" "sha1-r2rId6Jcx/dOBYiUdThY39sk/bY="
  "resolved" "https://registry.npmjs.org/array-uniq/-/array-uniq-1.0.3.tgz"
  "version" "1.0.3"

"arrify@^1.0.0":
  "integrity" "sha1-iYUI2iIm84DfkEcoRWhJwVAaSw0="
  "resolved" "https://registry.npmjs.org/arrify/-/arrify-1.0.1.tgz"
  "version" "1.0.1"

"async@^1.5.2":
  "integrity" "sha1-7GphrlZIDAw8skHJVhjiCJL5Zyo="
  "resolved" "https://registry.npmjs.org/async/-/async-1.5.2.tgz"
  "version" "1.5.2"

"balanced-match@^1.0.0":
  "integrity" "sha1-ibTRmasr7kneFk6gK4nORi1xt2c="
  "resolved" "https://registry.npmjs.org/balanced-match/-/balanced-match-1.0.0.tgz"
  "version" "1.0.0"

"bindings@^1.3.0":
  "integrity" "sha512-DpLh5EzMR2kzvX1KIlVC0VkC3iZtHKTgdtZ0a3pglBZdaQFjt5S9g9xd1lE+YvXyfd6mtCeRnrUfOLYiTMlNSw=="
  "resolved" "https://registry.npmjs.org/bindings/-/bindings-1.3.0.tgz"
  "version" "1.3.0"

"brace-expansion@^1.1.7":
  "integrity" "sha512-iCuPHDFgrHX7H2vEI/5xpz07zSHB00TpugqhmYtVmMO6518mCuRMoOYFldEBl0g187ufozdaHgWKcYFb61qGiA=="
  "resolved" "https://registry.npmjs.org/brace-expansion/-/brace-expansion-1.1.11.tgz"
  "version" "1.1.11"
  dependencies:
    "balanced-match" "^1.0.0"
    "concat-map" "0.0.1"

"buffer-from@^1.0.0", "buffer-from@^1.1.0":
  "integrity" "sha512-MQcXEUbCKtEo7bhqEs6560Hyd4XaovZlO/k9V3hjVUF/zwW7KBVdSK4gIt/bzwS9MbR5qob+F5jusZsb0YQK2A=="
  "resolved" "https://registry.npmjs.org/buffer-from/-/buffer-from-1.1.1.tgz"
  "version" "1.1.1"

"builtin-modules@^1.0.0":
  "integrity" "sha1-Jw8HbFpywC9bZaR9+Uxf46J4iS8="
  "resolved" "https://registry.npmjs.org/builtin-modules/-/builtin-modules-1.1.1.tgz"
  "version" "1.1.1"

"camelcase@^3.0.0":
  "integrity" "sha1-MvxLn82vhF/N9+c7uXysImHwqwo="
  "resolved" "https://registry.npmjs.org/camelcase/-/camelcase-3.0.0.tgz"
  "version" "3.0.0"

"chownr@^1.1.3":
  "integrity" "sha512-jJ0bqzaylmJtVnNgzTeSOs8DPavpbYgEr/b0YL8/2GO3xJEhInFmhKMUnEJQjZumK7KXGFhUy89PrsJWlakBVg=="
  "resolved" "https://registry.npmjs.org/chownr/-/chownr-1.1.4.tgz"
  "version" "1.1.4"

"clang-format@^1.2.4":
  "integrity" "sha512-sw+nrGUp3hvmANd1qF8vZPuezSYQAiXgGBiEtkXTtJnnu6b00fCqkkDIsnRKrNgg4nv6NYZE92ejvOMIXZoejw=="
  "resolved" "https://registry.npmjs.org/clang-format/-/clang-format-1.2.4.tgz"
  "version" "1.2.4"
  dependencies:
    "async" "^1.5.2"
    "glob" "^7.0.0"
    "resolve" "^1.1.6"

"cliui@^3.2.0":
  "integrity" "sha1-EgYBU3qRbSmUD5NNo7SNWFo5IT0="
  "resolved" "https://registry.npmjs.org/cliui/-/cliui-3.2.0.tgz"
  "version" "3.2.0"
  dependencies:
    "string-width" "^1.0.1"
    "strip-ansi" "^3.0.1"
    "wrap-ansi" "^2.0.0"

"code-point-at@^1.0.0":
  "integrity" "sha1-DQcLTQQ6W+ozovGkDi7bPZpMz3c="
  "resolved" "https://registry.npmjs.org/code-point-at/-/code-point-at-1.1.0.tgz"
  "version" "1.1.0"

"concat-map@0.0.1":
  "integrity" "sha1-2Klr13/Wjfd5OnMDajug1UBdR3s="
  "resolved" "https://registry.npmjs.org/concat-map/-/concat-map-0.0.1.tgz"
  "version" "0.0.1"

"debug@^3.1.0":
  "integrity" "sha512-mel+jf7nrtEl5Pn1Qx46zARXKDpBbvzezse7p7LqINmdoIk8PYP5SySaxEmYv6TZ0JyEKA1hsCId6DIhgITtWQ=="
  "resolved" "https://registry.npmjs.org/debug/-/debug-3.2.6.tgz"
  "version" "3.2.6"
  dependencies:
    "ms" "^2.1.1"

"decamelize@^1.1.1":
  "integrity" "sha1-9lNNFRSCabIDUue+4m9QH5oZEpA="
  "resolved" "https://registry.npmjs.org/decamelize/-/decamelize-1.2.0.tgz"
  "version" "1.2.0"

"del@^2.2.2":
  "integrity" "sha1-wSyYHQZ4RshLyvhiz/kw2Qf/0ag="
  "resolved" "https://registry.npmjs.org/del/-/del-2.2.2.tgz"
  "version" "2.2.2"
  dependencies:
    "globby" "^5.0.0"
    "is-path-cwd" "^1.0.0"
    "is-path-in-cwd" "^1.0.0"
    "object-assign" "^4.0.1"
    "pify" "^2.0.0"
    "pinkie-promise" "^2.0.0"
    "rimraf" "^2.2.8"

"diff@^3.1.0":
  "integrity" "sha512-A46qtFgd+g7pDZinpnwiRJtxbC1hpgf0uzP3iG89scHk0AUC7A1TGxf5OiiOUv/JMZR8GOt8hL900hV0bOy5xA=="
  "resolved" "https://registry.npmjs.org/diff/-/diff-3.5.0.tgz"
  "version" "3.5.0"

"error-ex@^1.2.0":
  "integrity" "sha512-7dFHNmqeFSEt2ZBsCriorKnn3Z2pj+fd9kmI6QoWw4//DL+icEBfc0U7qJCisqrTsKTjw4fNFy2pW9OqStD84g=="
  "resolved" "https://registry.npmjs.org/error-ex/-/error-ex-1.3.2.tgz"
  "version" "1.3.2"
  dependencies:
    "is-arrayish" "^0.2.1"

"es6-promise@^4.0.3":
  "integrity" "sha512-n6wvpdE43VFtJq+lUDYDBFUwV8TZbuGXLV4D6wKafg13ldznKsyEvatubnmUe31zcvelSzOHF+XbaT+Bl9ObDg=="
  "resolved" "https://registry.npmjs.org/es6-promise/-/es6-promise-4.2.5.tgz"
  "version" "4.2.5"

"es6-promisify@^5.0.0":
  "integrity" "sha1-UQnWLz5W6pZ8S2NQWu8IKRyKUgM="
  "resolved" "https://registry.npmjs.org/es6-promisify/-/es6-promisify-5.0.0.tgz"
  "version" "5.0.0"
  dependencies:
    "es6-promise" "^4.0.3"

"find-up@^1.0.0":
  "integrity" "sha1-ay6YIrGizgpgq2TWEOzK1TyyTQ8="
  "resolved" "https://registry.npmjs.org/find-up/-/find-up-1.1.2.tgz"
  "version" "1.1.2"
  dependencies:
    "path-exists" "^2.0.0"
    "pinkie-promise" "^2.0.0"

"fs-extra@^4.0.2":
  "integrity" "sha512-q6rbdDd1o2mAnQreO7YADIxf/Whx4AHBiRf6d+/cVT8h44ss+lHgxf1FemcqDnQt9X3ct4McHr+JMGlYSsK7Cg=="
  "resolved" "https://registry.npmjs.org/fs-extra/-/fs-extra-4.0.3.tgz"
  "version" "4.0.3"
  dependencies:
    "graceful-fs" "^4.1.2"
    "jsonfile" "^4.0.0"
    "universalify" "^0.1.0"

"fs-minipass@^2.0.0":
  "integrity" "sha512-V/JgOLFCS+R6Vcq0slCuaeWEdNC3ouDlJMNIsacH2VtALiu9mV4LPrHc5cDl8k5aw6J8jwgWWpiTo5RYhmIzvg=="
  "resolved" "https://registry.npmjs.org/fs-minipass/-/fs-minipass-2.1.0.tgz"
  "version" "2.1.0"
  dependencies:
    "minipass" "^3.0.0"

"fs.realpath@^1.0.0":
  "integrity" "sha1-FQStJSMVjKpA20onh8sBQRmU6k8="
  "resolved" "https://registry.npmjs.org/fs.realpath/-/fs.realpath-1.0.0.tgz"
  "version" "1.0.0"

"get-caller-file@^1.0.1":
  "integrity" "sha512-3t6rVToeoZfYSGd8YoLFR2DJkiQrIiUrGcjvFX2mDw3bn6k2OtwHN0TNCLbBO+w8qTvimhDkv+LSscbJY1vE6w=="
  "resolved" "https://registry.npmjs.org/get-caller-file/-/get-caller-file-1.0.3.tgz"
  "version" "1.0.3"

"glfw-n-api@^0.0.4":
  "integrity" "sha512-Cyq744Lo5FPWjRTx94VqrHewhbd2J5aoWQLT2neRPZrY+fyYUGXBBBuOcQn+4MDMDop+jI6fWy8ARdOF0W5yFw=="
  "resolved" "http://bnpm.byted.org/glfw-n-api/-/glfw-n-api-0.0.4.tgz"
  "version" "0.0.4"

"glob@^7.0.0", "glob@^7.0.3", "glob@^7.0.5", "glob@^7.1.3":
  "integrity" "sha512-vcfuiIxogLV4DlGBHIUOwI0IbrJ8HWPc4MU7HzviGeNho/UJDfi6B5p3sHeWIQ0KGIU0Jpxi5ZHxemQfLkkAwQ=="
  "resolved" "https://registry.npmjs.org/glob/-/glob-7.1.3.tgz"
  "version" "7.1.3"
  dependencies:
    "fs.realpath" "^1.0.0"
    "inflight" "^1.0.4"
    "inherits" "2"
    "minimatch" "^3.0.4"
    "once" "^1.3.0"
    "path-is-absolute" "^1.0.0"

"globby@^5.0.0":
  "integrity" "sha1-69hGZ8oNuzMLmbz8aOrCvFQ3Dg0="
  "resolved" "https://registry.npmjs.org/globby/-/globby-5.0.0.tgz"
  "version" "5.0.0"
  dependencies:
    "array-union" "^1.0.1"
    "arrify" "^1.0.0"
    "glob" "^7.0.3"
    "object-assign" "^4.0.1"
    "pify" "^2.0.0"
    "pinkie-promise" "^2.0.0"

"graceful-fs@^4.1.15", "graceful-fs@^4.1.2", "graceful-fs@^4.1.6":
  "integrity" "sha512-6uHUhOPEBgQ24HM+r6b/QwWfZq+yiFcipKFrOFiBEnWdy5sdzYoi+pJeQaPI5qOLRFqWmAXUPQNsielzdLoecA=="
  "resolved" "https://registry.npmjs.org/graceful-fs/-/graceful-fs-4.1.15.tgz"
  "version" "4.1.15"

"hosted-git-info@^2.1.4":
  "integrity" "sha512-7T/BxH19zbcCTa8XkMlbK5lTo1WtgkFi3GvdWEyNuc4Vex7/9Dqbnpsf4JMydcfj9HCg4zUWFTL3Za6lapg5/w=="
  "resolved" "https://registry.npmjs.org/hosted-git-info/-/hosted-git-info-2.7.1.tgz"
  "version" "2.7.1"

"https-proxy-agent@^2.2.3":
  "integrity" "sha512-Ytgnz23gm2DVftnzqRRz2dOXZbGd2uiajSw/95bPp6v53zPRspQjLm/AfBgqbJ2qfeRXWIOMVLpp86+/5yX39Q=="
  "resolved" "https://registry.npmjs.org/https-proxy-agent/-/https-proxy-agent-2.2.3.tgz"
  "version" "2.2.3"
  dependencies:
    "agent-base" "^4.3.0"
    "debug" "^3.1.0"

"ignore-walk@^3.0.1":
  "integrity" "sha512-DTVlMx3IYPe0/JJcYP7Gxg7ttZZu3IInhuEhbchuqneY9wWe5Ojy2mXLBaQFUQmo0AW2r3qG7m1mg86js+gnlQ=="
  "resolved" "https://registry.npmjs.org/ignore-walk/-/ignore-walk-3.0.1.tgz"
  "version" "3.0.1"
  dependencies:
    "minimatch" "^3.0.4"

"ignore@^5.0.4":
  "integrity" "sha512-WLsTMEhsQuXpCiG173+f3aymI43SXa+fB1rSfbzyP4GkPP+ZFVuO0/3sFUGNBtifisPeDcl/uD/Y2NxZ7xFq4g=="
  "resolved" "https://registry.npmjs.org/ignore/-/ignore-5.0.4.tgz"
  "version" "5.0.4"

"inflight@^1.0.4":
  "integrity" "sha1-Sb1jMdfQLQwJvJEKEHW6gWW1bfk="
  "resolved" "https://registry.npmjs.org/inflight/-/inflight-1.0.6.tgz"
  "version" "1.0.6"
  dependencies:
    "once" "^1.3.0"
    "wrappy" "1"

"inherits@2":
  "integrity" "sha1-Yzwsg+PaQqUC9SRmAiSA9CCCYd4="
  "resolved" "https://registry.npmjs.org/inherits/-/inherits-2.0.3.tgz"
  "version" "2.0.3"

"invert-kv@^1.0.0":
  "integrity" "sha1-EEqOSqym09jNFXqO+L+rLXo//bY="
  "resolved" "https://registry.npmjs.org/invert-kv/-/invert-kv-1.0.0.tgz"
  "version" "1.0.0"

"is-arrayish@^0.2.1":
  "integrity" "sha1-d8mYQFJ6qOyxqLppe4BkWnqSap0="
  "resolved" "https://registry.npmjs.org/is-arrayish/-/is-arrayish-0.2.1.tgz"
  "version" "0.2.1"

"is-builtin-module@^1.0.0":
  "integrity" "sha1-VAVy0096wxGfj3bDDLwbHgN6/74="
  "resolved" "https://registry.npmjs.org/is-builtin-module/-/is-builtin-module-1.0.0.tgz"
  "version" "1.0.0"
  dependencies:
    "builtin-modules" "^1.0.0"

"is-fullwidth-code-point@^1.0.0":
  "integrity" "sha1-754xOG8DGn8NZDr4L95QxFfvAMs="
  "resolved" "https://registry.npmjs.org/is-fullwidth-code-point/-/is-fullwidth-code-point-1.0.0.tgz"
  "version" "1.0.0"
  dependencies:
    "number-is-nan" "^1.0.0"

"is-path-cwd@^1.0.0":
  "integrity" "sha1-0iXsIxMuie3Tj9p2dHLmLmXxEG0="
  "resolved" "https://registry.npmjs.org/is-path-cwd/-/is-path-cwd-1.0.0.tgz"
  "version" "1.0.0"

"is-path-in-cwd@^1.0.0":
  "integrity" "sha512-FjV1RTW48E7CWM7eE/J2NJvAEEVektecDBVBE5Hh3nM1Jd0kvhHtX68Pr3xsDf857xt3Y4AkwVULK1Vku62aaQ=="
  "resolved" "https://registry.npmjs.org/is-path-in-cwd/-/is-path-in-cwd-1.0.1.tgz"
  "version" "1.0.1"
  dependencies:
    "is-path-inside" "^1.0.0"

"is-path-inside@^1.0.0":
  "integrity" "sha1-jvW33lBDej/cprToZe96pVy0gDY="
  "resolved" "https://registry.npmjs.org/is-path-inside/-/is-path-inside-1.0.1.tgz"
  "version" "1.0.1"
  dependencies:
    "path-is-inside" "^1.0.1"

"is-utf8@^0.2.0":
  "integrity" "sha1-Sw2hRCEE0bM2NA6AeX6GXPOffXI="
  "resolved" "https://registry.npmjs.org/is-utf8/-/is-utf8-0.2.1.tgz"
  "version" "0.2.1"

"jsonfile@^4.0.0":
  "integrity" "sha1-h3Gq4HmbZAdrdmQPygWPnBDjPss="
  "resolved" "https://registry.npmjs.org/jsonfile/-/jsonfile-4.0.0.tgz"
  "version" "4.0.0"
  optionalDependencies:
    "graceful-fs" "^4.1.6"

"lcid@^1.0.0":
  "integrity" "sha1-MIrMr6C8SDo4Z7S28rlQYlHRuDU="
  "resolved" "https://registry.npmjs.org/lcid/-/lcid-1.0.0.tgz"
  "version" "1.0.0"
  dependencies:
    "invert-kv" "^1.0.0"

"load-json-file@^1.0.0":
  "integrity" "sha1-lWkFcI1YtLq0wiYbBPWfMcmTdMA="
  "resolved" "https://registry.npmjs.org/load-json-file/-/load-json-file-1.1.0.tgz"
  "version" "1.1.0"
  dependencies:
    "graceful-fs" "^4.1.2"
    "parse-json" "^2.2.0"
    "pify" "^2.0.0"
    "pinkie-promise" "^2.0.0"
    "strip-bom" "^2.0.0"

"make-error@^1.1.1":
  "integrity" "sha512-c3sIjNUow0+8swNwVpqoH4YCShKNFkMaw6oH1mNS2haDZQqkeZFlHS3dhoeEbKKmJB4vXpJucU6oH75aDYeE9g=="
  "resolved" "https://registry.npmjs.org/make-error/-/make-error-1.3.5.tgz"
  "version" "1.3.5"

"minimatch@^3.0.4":
  "integrity" "sha512-yJHVQEhyqPLUTgt9B83PXu6W3rx4MvvHvSUvToogpwoGDOUQ+yDrR0HRot+yOCdCO7u4hX3pWft6kWBBcqh0UA=="
  "resolved" "https://registry.npmjs.org/minimatch/-/minimatch-3.0.4.tgz"
  "version" "3.0.4"
  dependencies:
    "brace-expansion" "^1.1.7"

"minimist@^1.2.0":
  "integrity" "sha1-o1AIsg9BOD7sH7kU9M1d95omQoQ="
  "resolved" "https://registry.npmjs.org/minimist/-/minimist-1.2.0.tgz"
  "version" "1.2.0"

"minimist@0.0.8":
  "integrity" "sha1-hX/Kv8M5fSYluCKCYuhqp6ARsF0="
  "resolved" "https://registry.npmjs.org/minimist/-/minimist-0.0.8.tgz"
  "version" "0.0.8"

"minipass@^3.0.0":
  "integrity" "sha512-UFqVihv6PQgwj8/yTGvl9kPz7xIAY+R5z6XYjRInD3Gk3qx6QGSD6zEcpeG4Dy/lQnv1J6zv8ejV90hyYIKf3w=="
  "resolved" "https://registry.npmjs.org/minipass/-/minipass-3.1.1.tgz"
  "version" "3.1.1"
  dependencies:
    "yallist" "^4.0.0"

"minizlib@^2.1.0":
  "integrity" "sha512-EzTZN/fjSvifSX0SlqUERCN39o6T40AMarPbv0MrarSFtIITCBh7bi+dU8nxGFHuqs9jdIAeoYoKuQAAASsPPA=="
  "resolved" "https://registry.npmjs.org/minizlib/-/minizlib-2.1.0.tgz"
  "version" "2.1.0"
  dependencies:
    "minipass" "^3.0.0"
    "yallist" "^4.0.0"

"mkdirp@^0.5.1":
  "integrity" "sha1-MAV0OOrGz3+MR2fzhkjWaX11yQM="
  "resolved" "https://registry.npmjs.org/mkdirp/-/mkdirp-0.5.1.tgz"
  "version" "0.5.1"
  dependencies:
    "minimist" "0.0.8"

"mkdirp@^1.0.3":
  "integrity" "sha512-vVqVZQyf3WLx2Shd0qJ9xuvqgAyKPLAiqITEtqW0oIUjzo3PePDd6fW9iFz30ef7Ysp/oiWqbhszeGWW2T6Gzw=="
  "resolved" "https://registry.npmjs.org/mkdirp/-/mkdirp-1.0.4.tgz"
  "version" "1.0.4"

"ms@^2.1.1":
  "integrity" "sha512-tgp+dl5cGk28utYktBsrFqA7HKgrhgPsg6Z/EfhWI4gl1Hwq8B/GmY/0oXZ6nF8hDVesS/FpnYaD/kOWhYQvyg=="
  "resolved" "https://registry.npmjs.org/ms/-/ms-2.1.1.tgz"
  "version" "2.1.1"

"normalize-package-data@^2.3.2":
  "integrity" "sha512-9jjUFbTPfEy3R/ad/2oNbKtW9Hgovl5O1FvFWKkKblNXoN/Oou6+9+KKohPK13Yc3/TyunyWhJp6gvRNR/PPAw=="
  "resolved" "https://registry.npmjs.org/normalize-package-data/-/normalize-package-data-2.4.0.tgz"
  "version" "2.4.0"
  dependencies:
    "hosted-git-info" "^2.1.4"
    "is-builtin-module" "^1.0.0"
    "semver" "2 || 3 || 4 || 5"
    "validate-npm-package-license" "^3.0.1"

"npm-bundled@^1.0.1":
  "integrity" "sha512-m/e6jgWu8/v5niCUKQi9qQl8QdeEduFA96xHDDzFGqly0OOjI7c+60KM/2sppfnUU9JJagf+zs+yGhqSOFj71g=="
  "resolved" "https://registry.npmjs.org/npm-bundled/-/npm-bundled-1.0.5.tgz"
  "version" "1.0.5"

"npm-packlist-fixed@^1.1.12":
  "integrity" "sha512-PbQqWvKR5oxfQzK/+HyUPaWt1r92HSzTzuUYv5QDW4PmIBisrjr13CUKrCxyeKG/2ClpAxpCe74pWeyY1Pi7Lg=="
  "resolved" "https://registry.npmjs.org/npm-packlist-fixed/-/npm-packlist-fixed-1.1.12.tgz"
  "version" "1.1.12"
  dependencies:
    "ignore-walk" "^3.0.1"
    "npm-bundled" "^1.0.1"

"number-is-nan@^1.0.0":
  "integrity" "sha1-CXtgK1NCKlIsGvuHkDGDNpQaAR0="
  "resolved" "https://registry.npmjs.org/number-is-nan/-/number-is-nan-1.0.1.tgz"
  "version" "1.0.1"

"object-assign@^4.0.1":
  "integrity" "sha1-IQmtx5ZYh8/AXLvUQsrIv7s2CGM="
  "resolved" "https://registry.npmjs.org/object-assign/-/object-assign-4.1.1.tgz"
  "version" "4.1.1"

"once@^1.3.0":
  "integrity" "sha1-WDsap3WWHUsROsF9nFC6753Xa9E="
  "resolved" "https://registry.npmjs.org/once/-/once-1.4.0.tgz"
  "version" "1.4.0"
  dependencies:
    "wrappy" "1"

"os-homedir@^1.0.0", "os-homedir@^1.0.1":
  "integrity" "sha1-/7xJiDNuDoM94MFox+8VISGqf7M="
  "resolved" "https://registry.npmjs.org/os-homedir/-/os-homedir-1.0.2.tgz"
  "version" "1.0.2"

"os-locale@^1.4.0":
  "integrity" "sha1-IPnxeuKe00XoveWDsT0gCYA8FNk="
  "resolved" "https://registry.npmjs.org/os-locale/-/os-locale-1.4.0.tgz"
  "version" "1.4.0"
  dependencies:
    "lcid" "^1.0.0"

"parse-json@^2.2.0":
  "integrity" "sha1-9ID0BDTvgHQfhGkJn43qGPVaTck="
  "resolved" "https://registry.npmjs.org/parse-json/-/parse-json-2.2.0.tgz"
  "version" "2.2.0"
  dependencies:
    "error-ex" "^1.2.0"

"path-exists@^2.0.0":
  "integrity" "sha1-D+tsZPD8UY2adU3V77YscCJ2H0s="
  "resolved" "https://registry.npmjs.org/path-exists/-/path-exists-2.1.0.tgz"
  "version" "2.1.0"
  dependencies:
    "pinkie-promise" "^2.0.0"

"path-is-absolute@^1.0.0":
  "integrity" "sha1-F0uSaHNVNP+8es5r9TpanhtcX18="
  "resolved" "https://registry.npmjs.org/path-is-absolute/-/path-is-absolute-1.0.1.tgz"
  "version" "1.0.1"

"path-is-inside@^1.0.1":
  "integrity" "sha1-NlQX3t5EQw0cEa9hAn+s8HS9/FM="
  "resolved" "https://registry.npmjs.org/path-is-inside/-/path-is-inside-1.0.2.tgz"
  "version" "1.0.2"

"path-parse@^1.0.5":
  "integrity" "sha512-GSmOT2EbHrINBf9SR7CDELwlJ8AENk3Qn7OikK4nFYAu3Ote2+JYNVvkpAEQm3/TLNEJFD/xZJjzyxg3KBWOzw=="
  "resolved" "https://registry.npmjs.org/path-parse/-/path-parse-1.0.6.tgz"
  "version" "1.0.6"

"path-type@^1.0.0":
  "integrity" "sha1-WcRPfuSR2nBNpBXaWkBwuk+P5EE="
  "resolved" "https://registry.npmjs.org/path-type/-/path-type-1.1.0.tgz"
  "version" "1.1.0"
  dependencies:
    "graceful-fs" "^4.1.2"
    "pify" "^2.0.0"
    "pinkie-promise" "^2.0.0"

"pify@^2.0.0":
  "integrity" "sha1-7RQaasBDqEnqWISY59yosVMw6Qw="
  "resolved" "https://registry.npmjs.org/pify/-/pify-2.3.0.tgz"
  "version" "2.3.0"

"pinkie-promise@^2.0.0":
  "integrity" "sha1-ITXW36ejWMBprJsXh3YogihFD/o="
  "resolved" "https://registry.npmjs.org/pinkie-promise/-/pinkie-promise-2.0.1.tgz"
  "version" "2.0.1"
  dependencies:
    "pinkie" "^2.0.0"

"pinkie@^2.0.0":
  "integrity" "sha1-clVrgM+g1IqXToDnckjoDtT3+HA="
  "resolved" "https://registry.npmjs.org/pinkie/-/pinkie-2.0.4.tgz"
  "version" "2.0.4"

"progress@^2.0.3":
  "integrity" "sha512-7PiHtLll5LdnKIMw100I+8xJXR5gW2QwWYkT6iJva0bXitZKa/XMrSbdmg3r2Xnaidz9Qumd0VPaMrZlF9V9sA=="
  "resolved" "https://registry.npmjs.org/progress/-/progress-2.0.3.tgz"
  "version" "2.0.3"

"read-pkg-up@^1.0.1":
  "integrity" "sha1-nWPBMnbAZZGNV/ACpX9AobZD+wI="
  "resolved" "https://registry.npmjs.org/read-pkg-up/-/read-pkg-up-1.0.1.tgz"
  "version" "1.0.1"
  dependencies:
    "find-up" "^1.0.0"
    "read-pkg" "^1.0.0"

"read-pkg@^1.0.0":
  "integrity" "sha1-9f+qXs0pyzHAR0vKfXVra7KePyg="
  "resolved" "https://registry.npmjs.org/read-pkg/-/read-pkg-1.1.0.tgz"
  "version" "1.1.0"
  dependencies:
    "load-json-file" "^1.0.0"
    "normalize-package-data" "^2.3.2"
    "path-type" "^1.0.0"

"require-directory@^2.1.1":
  "integrity" "sha1-jGStX9MNqxyXbiNE/+f3kqam30I="
  "resolved" "https://registry.npmjs.org/require-directory/-/require-directory-2.1.1.tgz"
  "version" "2.1.1"

"require-main-filename@^1.0.1":
  "integrity" "sha1-l/cXtp1IeE9fUmpsWqj/3aBVpNE="
  "resolved" "https://registry.npmjs.org/require-main-filename/-/require-main-filename-1.0.1.tgz"
  "version" "1.0.1"

"resolve@^1.1.6":
  "integrity" "sha512-AicPrAC7Qu1JxPCZ9ZgCZlY35QgFnNqc+0LtbRNxnVw4TXvjQ72wnuL9JQcEBgXkI9JM8MsT9kaQoHcpCRJOYA=="
  "resolved" "https://registry.npmjs.org/resolve/-/resolve-1.8.1.tgz"
  "version" "1.8.1"
  dependencies:
    "path-parse" "^1.0.5"

"rimraf@^2.2.8":
  "integrity" "sha512-mwqeW5XsA2qAejG46gYdENaxXjx9onRNCfn7L0duuP4hCuTIi/QO7PDK07KJfp1d+izWPrzEJDcSqBa0OZQriA=="
  "resolved" "https://registry.npmjs.org/rimraf/-/rimraf-2.6.3.tgz"
  "version" "2.6.3"
  dependencies:
    "glob" "^7.1.3"

"rimraf@^2.6.2":
  "integrity" "sha512-lreewLK/BlghmxtfH36YYVg1i8IAce4TI7oao75I1g245+6BctqTVQiBP3YUJ9C6DQOXJmkYR9X9fCLtCOJc5w=="
  "resolved" "https://registry.npmjs.org/rimraf/-/rimraf-2.6.2.tgz"
  "version" "2.6.2"
  dependencies:
    "glob" "^7.0.5"

"semver@2 || 3 || 4 || 5":
  "integrity" "sha512-RS9R6R35NYgQn++fkDWaOmqGoj4Ek9gGs+DPxNUZKuwE183xjJroKvyo1IzVFeXvUrvmALy6FWD5xrdJT25gMg=="
  "resolved" "https://registry.npmjs.org/semver/-/semver-5.6.0.tgz"
  "version" "5.6.0"

"set-blocking@^2.0.0":
  "integrity" "sha1-BF+XgtARrppoA93TgrJDkrPYkPc="
  "resolved" "https://registry.npmjs.org/set-blocking/-/set-blocking-2.0.0.tgz"
  "version" "2.0.0"

"source-map-support@^0.5.6":
  "integrity" "sha512-gR6Rw4MvUlYy83vP0vxoVNzM6t8MUXqNuRsuBmBHQDu1Fh6X015FrLdgoDKcNdkwGubozq0P4N0Q37UyFVr1EA=="
  "resolved" "https://registry.npmjs.org/source-map-support/-/source-map-support-0.5.9.tgz"
  "version" "0.5.9"
  dependencies:
    "buffer-from" "^1.0.0"
    "source-map" "^0.6.0"

"source-map@^0.6.0":
  "integrity" "sha512-UjgapumWlbMhkBgzT7Ykc5YXUT46F0iKu8SGXq0bcwP5dz/h0Plj6enJqjz1Zbq2l5WaqYnrVbwWOWMyF3F47g=="
  "resolved" "https://registry.npmjs.org/source-map/-/source-map-0.6.1.tgz"
  "version" "0.6.1"

"spdx-correct@^3.0.0":
  "integrity" "sha512-lr2EZCctC2BNR7j7WzJ2FpDznxky1sjfxvvYEyzxNyb6lZXHODmEoJeFu4JupYlkfha1KZpJyoqiJ7pgA1qq8Q=="
  "resolved" "https://registry.npmjs.org/spdx-correct/-/spdx-correct-3.1.0.tgz"
  "version" "3.1.0"
  dependencies:
    "spdx-expression-parse" "^3.0.0"
    "spdx-license-ids" "^3.0.0"

"spdx-exceptions@^2.1.0":
  "integrity" "sha512-2XQACfElKi9SlVb1CYadKDXvoajPgBVPn/gOQLrTvHdElaVhr7ZEbqJaRnJLVNeaI4cMEAgVCeBMKF6MWRDCRA=="
  "resolved" "https://registry.npmjs.org/spdx-exceptions/-/spdx-exceptions-2.2.0.tgz"
  "version" "2.2.0"

"spdx-expression-parse@^3.0.0":
  "integrity" "sha512-Yg6D3XpRD4kkOmTpdgbUiEJFKghJH03fiC1OPll5h/0sO6neh2jqRDVHOQ4o/LMea0tgCkbMgea5ip/e+MkWyg=="
  "resolved" "https://registry.npmjs.org/spdx-expression-parse/-/spdx-expression-parse-3.0.0.tgz"
  "version" "3.0.0"
  dependencies:
    "spdx-exceptions" "^2.1.0"
    "spdx-license-ids" "^3.0.0"

"spdx-license-ids@^3.0.0":
  "integrity" "sha512-uBIcIl3Ih6Phe3XHK1NqboJLdGfwr1UN3k6wSD1dZpmPsIkb8AGNbZYJ1fOBk834+Gxy8rpfDxrS6XLEMZMY2g=="
  "resolved" "https://registry.npmjs.org/spdx-license-ids/-/spdx-license-ids-3.0.3.tgz"
  "version" "3.0.3"

"string-width@^1.0.1", "string-width@^1.0.2":
  "integrity" "sha1-EYvfW4zcUaKn5w0hHgfisLmxB9M="
  "resolved" "https://registry.npmjs.org/string-width/-/string-width-1.0.2.tgz"
  "version" "1.0.2"
  dependencies:
    "code-point-at" "^1.0.0"
    "is-fullwidth-code-point" "^1.0.0"
    "strip-ansi" "^3.0.0"

"strip-ansi@^3.0.0", "strip-ansi@^3.0.1":
  "integrity" "sha1-ajhfuIU9lS1f8F0Oiq+UJ43GPc8="
  "resolved" "https://registry.npmjs.org/strip-ansi/-/strip-ansi-3.0.1.tgz"
  "version" "3.0.1"
  dependencies:
    "ansi-regex" "^2.0.0"

"strip-bom@^2.0.0":
  "integrity" "sha1-YhmoVhZSBJHzV4i9vxRHqZx+aw4="
  "resolved" "https://registry.npmjs.org/strip-bom/-/strip-bom-2.0.0.tgz"
  "version" "2.0.0"
  dependencies:
    "is-utf8" "^0.2.0"

"tar@^6.0.1":
  "integrity" "sha512-bKhKrrz2FJJj5s7wynxy/fyxpE0CmCjmOQ1KV4KkgXFWOgoIT/NbTMnB1n+LFNrNk0SSBVGGxcK5AGsyC+pW5Q=="
  "resolved" "https://registry.npmjs.org/tar/-/tar-6.0.1.tgz"
  "version" "6.0.1"
  dependencies:
    "chownr" "^1.1.3"
    "fs-minipass" "^2.0.0"
    "minipass" "^3.0.0"
    "minizlib" "^2.1.0"
    "mkdirp" "^1.0.3"
    "yallist" "^4.0.0"

"ts-node@^7.0.1":
  "integrity" "sha512-BVwVbPJRspzNh2yfslyT1PSbl5uIk03EZlb493RKHN4qej/D06n1cEhjlOJG69oFsE7OT8XjpTUcYf6pKTLMhw=="
  "resolved" "https://registry.npmjs.org/ts-node/-/ts-node-7.0.1.tgz"
  "version" "7.0.1"
  dependencies:
    "arrify" "^1.0.0"
    "buffer-from" "^1.1.0"
    "diff" "^3.1.0"
    "make-error" "^1.1.1"
    "minimist" "^1.2.0"
    "mkdirp" "^0.5.1"
    "source-map-support" "^0.5.6"
    "yn" "^2.0.0"

"typescript@^3.0.3":
  "integrity" "sha512-w6fIxVE/H1PkLKcCPsFqKE7Kv7QUwhU8qQY2MueZXWx5cPZdwFupLgKK3vntcK98BtNHZtAF4LA/yl2a7k8R6Q=="
  "resolved" "http://bnpm.byted.org/typescript/-/typescript-3.9.10.tgz"
  "version" "3.9.10"

"universalify@^0.1.0":
  "integrity" "sha512-rBJeI5CXAlmy1pV+617WB9J63U6XcazHHF2f2dbJix4XzpUF0RS3Zbj0FGIOCAva5P/d/GBOYaACQ1w+0azUkg=="
  "resolved" "https://registry.npmjs.org/universalify/-/universalify-0.1.2.tgz"
  "version" "0.1.2"

"user-home@^2.0.0":
  "integrity" "sha1-nHC/2Babwdy/SGBODwS4tJzenp8="
  "resolved" "https://registry.npmjs.org/user-home/-/user-home-2.0.0.tgz"
  "version" "2.0.0"
  dependencies:
    "os-homedir" "^1.0.0"

"validate-npm-package-license@^3.0.1":
  "integrity" "sha512-DpKm2Ui/xN7/HQKCtpZxoRWBhZ9Z0kqtygG8XCgNQ8ZlDnxuQmWhj566j8fN4Cu3/JmbhsDo7fcAJq4s9h27Ew=="
  "resolved" "https://registry.npmjs.org/validate-npm-package-license/-/validate-npm-package-license-3.0.4.tgz"
  "version" "3.0.4"
  dependencies:
    "spdx-correct" "^3.0.0"
    "spdx-expression-parse" "^3.0.0"

"which-module@^1.0.0":
  "integrity" "sha1-u6Y8qGGUiZT/MHc2CJ47lgJsKk8="
  "resolved" "https://registry.npmjs.org/which-module/-/which-module-1.0.0.tgz"
  "version" "1.0.0"

"wrap-ansi@^2.0.0":
  "integrity" "sha1-2Pw9KE3QV5T+hJc8rs3Rz4JP3YU="
  "resolved" "https://registry.npmjs.org/wrap-ansi/-/wrap-ansi-2.1.0.tgz"
  "version" "2.1.0"
  dependencies:
    "string-width" "^1.0.1"
    "strip-ansi" "^3.0.1"

"wrappy@1":
  "integrity" "sha1-tSQ9jz7BqjXxNkYFvA0QNuMKtp8="
  "resolved" "https://registry.npmjs.org/wrappy/-/wrappy-1.0.2.tgz"
  "version" "1.0.2"

"x11@^2.3.0":
  "integrity" "sha512-Ep4DbqZkVHvZNVht+vvELcfdpGKnfh2kZuKdXqyZdtJx3UdvgUGrMQ9lwPNV33tDs86MF4YagC6+E2fZXikF6A=="
  "resolved" "http://bnpm.byted.org/x11/-/x11-2.3.0.tgz"
  "version" "2.3.0"
  dependencies:
    "os-homedir" "^1.0.1"

"y18n@^3.2.1":
  "integrity" "sha1-bRX7qITAhnnA136I53WegR4H+kE="
  "resolved" "https://registry.npmjs.org/y18n/-/y18n-3.2.1.tgz"
  "version" "3.2.1"

"yalc@^1.0.0-pre.27":
  "integrity" "sha512-PyXf4XtnQIOXgoW3HLnf5Mg3wH8g5q25HmCEgCzlcie0gui6xAGLxnoU4BSCDIAU4vbbrtKE8FJuZPhigaaphg=="
  "resolved" "https://registry.npmjs.org/yalc/-/yalc-1.0.0-pre.27.tgz"
  "version" "1.0.0-pre.27"
  dependencies:
    "del" "^2.2.2"
    "fs-extra" "^4.0.2"
    "graceful-fs" "^4.1.15"
    "ignore" "^5.0.4"
    "npm-packlist-fixed" "^1.1.12"
    "user-home" "^2.0.0"
    "yargs" "^7.1.0"

"yallist@^4.0.0":
  "integrity" "sha512-3wdGidZyq5PB084XLES5TpOSRA3wjXAlIWMhum2kRcv/41Sn2emQ0dycQW4uZXLejwKvg6EsvbdlVL+FYEct7A=="
  "resolved" "https://registry.npmjs.org/yallist/-/yallist-4.0.0.tgz"
  "version" "4.0.0"

"yargs-parser@^5.0.0":
  "integrity" "sha1-J17PDX/+Bcd+ZOfIbkzZS/DhIoo="
  "resolved" "https://registry.npmjs.org/yargs-parser/-/yargs-parser-5.0.0.tgz"
  "version" "5.0.0"
  dependencies:
    "camelcase" "^3.0.0"

"yargs@^7.1.0":
  "integrity" "sha1-a6MY6xaWFyf10oT46gA+jWFU0Mg="
  "resolved" "https://registry.npmjs.org/yargs/-/yargs-7.1.0.tgz"
  "version" "7.1.0"
  dependencies:
    "camelcase" "^3.0.0"
    "cliui" "^3.2.0"
    "decamelize" "^1.1.1"
    "get-caller-file" "^1.0.1"
    "os-locale" "^1.4.0"
    "read-pkg-up" "^1.0.1"
    "require-directory" "^2.1.1"
    "require-main-filename" "^1.0.1"
    "set-blocking" "^2.0.0"
    "string-width" "^1.0.2"
    "which-module" "^1.0.0"
    "y18n" "^3.2.1"
    "yargs-parser" "^5.0.0"

"yn@^2.0.0":
  "integrity" "sha1-5a2ryKz0CPY4X8dklWhMiOavaJo="
  "resolved" "https://registry.npmjs.org/yn/-/yn-2.0.0.tgz"
  "version" "2.0.0"
